
Microsoft Visual Studio Solution File, Format Version 12.00
# Visual Studio Version 17
VisualStudioVersion = 17.13.35931.197
MinimumVisualStudioVersion = 10.0.40219.1
Project("{FAE04EC0-301F-11D3-BF4B-00C04F79EFBC}") = "SqlDataAdapterLearning", "SqlDataAdapterLearning.csproj", "{1FF9704D-90AB-46C3-ADD6-5AB389193B9D}"
EndProject
Global
	GlobalSection(SolutionConfigurationPlatforms) = preSolution
		Debug|Any CPU = Debug|Any CPU
		Release|Any CPU = Release|Any CPU
	EndGlobalSection
	GlobalSection(ProjectConfigurationPlatforms) = postSolution
		{1FF9704D-90AB-46C3-ADD6-5AB389193B9D}.Debug|Any CPU.ActiveCfg = Debug|Any CPU
		{1FF9704D-90AB-46C3-ADD6-5AB389193B9D}.Debug|Any CPU.Build.0 = Debug|Any CPU
		{1FF9704D-90AB-46C3-ADD6-5AB389193B9D}.Release|Any CPU.ActiveCfg = Release|Any CPU
		{1FF9704D-90AB-46C3-ADD6-5AB389193B9D}.Release|Any CPU.Build.0 = Release|Any CPU
	EndGlobalSection
	GlobalSection(SolutionProperties) = preSolution
		HideSolutionNode = FALSE
	EndGlobalSection
	GlobalSection(ExtensibilityGlobals) = postSolution
		SolutionGuid = {EEA0B080-E8DB-4761-A23F-88A9F4D39D9C}
	EndGlobalSection
EndGlobal
